
Microsoft Visual Studio Solution File, Format Version 12.00
Project("{FAE04EC0-301F-11D3-BF4B-00C04F79EFBC}") = "Redux.KataTests", "Redux.KataTests\Redux.KataTests.csproj", "{FC2B8753-1DFD-4E43-9E81-281CA9EAB751}"
EndProject
Project("{FAE04EC0-301F-11D3-BF4B-00C04F79EFBC}") = "Redux.Kata", "Redux.Kata\Redux.Kata.csproj", "{A903DB6B-A9DE-4B95-AAF7-33ED52AFF405}"
EndProject
Global
	GlobalSection(SolutionConfigurationPlatforms) = preSolution
		Debug|Any CPU = Debug|Any CPU
		Release|Any CPU = Release|Any CPU
	EndGlobalSection
	GlobalSection(ProjectConfigurationPlatforms) = postSolution
		{FC2B8753-1DFD-4E43-9E81-281CA9EAB751}.Debug|Any CPU.ActiveCfg = Debug|Any CPU
		{FC2B8753-1DFD-4E43-9E81-281CA9EAB751}.Debug|Any CPU.Build.0 = Debug|Any CPU
		{FC2B8753-1DFD-4E43-9E81-281CA9EAB751}.Release|Any CPU.ActiveCfg = Release|Any CPU
		{FC2B8753-1DFD-4E43-9E81-281CA9EAB751}.Release|Any CPU.Build.0 = Release|Any CPU
		{A903DB6B-A9DE-4B95-AAF7-33ED52AFF405}.Debug|Any CPU.ActiveCfg = Debug|Any CPU
		{A903DB6B-A9DE-4B95-AAF7-33ED52AFF405}.Debug|Any CPU.Build.0 = Debug|Any CPU
		{A903DB6B-A9DE-4B95-AAF7-33ED52AFF405}.Release|Any CPU.ActiveCfg = Release|Any CPU
		{A903DB6B-A9DE-4B95-AAF7-33ED52AFF405}.Release|Any CPU.Build.0 = Release|Any CPU
	EndGlobalSection
	GlobalSection(NestedProjects) = preSolution
	EndGlobalSection
EndGlobal
