
Microsoft Visual Studio Solution File, Format Version 12.00
Project("{FAE04EC0-301F-11D3-BF4B-00C04F79EFBC}") = "Toto", "Toto\Toto.csproj", "{DCAF18CE-19E8-4CF3-9FA9-062B496CDECC}"
EndProject
Global
	GlobalSection(SolutionConfigurationPlatforms) = preSolution
		Debug|Any CPU = Debug|Any CPU
		Release|Any CPU = Release|Any CPU
	EndGlobalSection
	GlobalSection(ProjectConfigurationPlatforms) = postSolution
		{DCAF18CE-19E8-4CF3-9FA9-062B496CDECC}.Debug|Any CPU.ActiveCfg = Debug|Any CPU
		{DCAF18CE-19E8-4CF3-9FA9-062B496CDECC}.Debug|Any CPU.Build.0 = Debug|Any CPU
		{DCAF18CE-19E8-4CF3-9FA9-062B496CDECC}.Release|Any CPU.ActiveCfg = Release|Any CPU
		{DCAF18CE-19E8-4CF3-9FA9-062B496CDECC}.Release|Any CPU.Build.0 = Release|Any CPU
	EndGlobalSection
EndGlobal
